
Microsoft Visual Studio Solution File, Format Version 12.00
# Visual Studio Version 17
VisualStudioVersion = 17.9.34701.34
MinimumVisualStudioVersion = 10.0.40219.1
Project("{FAE04EC0-301F-11D3-BF4B-00C04F79EFBC}") = "L4d2ModUploader", "L4d2ModUploader\L4d2ModUploader.csproj", "{79421C07-D0DB-45E7-AF3C-60C2EDDF8D7B}"
EndProject
Global
	GlobalSection(SolutionConfigurationPlatforms) = preSolution
		Debug|Any CPU = Debug|Any CPU
		Release|Any CPU = Release|Any CPU
	EndGlobalSection
	GlobalSection(ProjectConfigurationPlatforms) = postSolution
		{79421C07-D0DB-45E7-AF3C-60C2EDDF8D7B}.Debug|Any CPU.ActiveCfg = Debug|Any CPU
		{79421C07-D0DB-45E7-AF3C-60C2EDDF8D7B}.Debug|Any CPU.Build.0 = Debug|Any CPU
		{79421C07-D0DB-45E7-AF3C-60C2EDDF8D7B}.Release|Any CPU.ActiveCfg = Release|Any CPU
		{79421C07-D0DB-45E7-AF3C-60C2EDDF8D7B}.Release|Any CPU.Build.0 = Release|Any CPU
	EndGlobalSection
	GlobalSection(SolutionProperties) = preSolution
		HideSolutionNode = FALSE
	EndGlobalSection
	GlobalSection(ExtensibilityGlobals) = postSolution
		SolutionGuid = {49E675AC-D569-48EB-A6DF-0ED2B07A6FA5}
	EndGlobalSection
EndGlobal
